lockfileVersion: '9.0'

settings:
  autoInstallPeers: true
  excludeLinksFromLockfile: false

importers:

  .:
    devDependencies:
      turbo:
        specifier: ^1.10.13
        version: 1.10.13
      typedoc:
        specifier: ^0.23.28
        version: 0.23.28(typescript@4.9.5)
      typescript:
        specifier: ^4.9.5
        version: 4.9.5
      vite:
        specifier: ^3.2.7
        version: 3.2.7(@types/node@20.6.0)
      vitest:
        specifier: ^0.25.8
        version: 0.25.8

  packages/example:
    dependencies:
      animejs:
        specifier: ^3.2.1
        version: 3.2.1
      dat.gui:
        specifier: ^0.7.9
        version: 0.7.9
      iceoh:
        specifier: workspace:*
        version: link:../iceoh
      pixi.js:
        specifier: ^7.2.4
        version: 7.2.4(@pixi/utils@7.2.4)
    devDependencies:
      '@types/dat.gui':
        specifier: ^0.7.10
        version: 0.7.10

  packages/iceoh: {}

  packages/tests:
    dependencies:
      iceoh:
        specifier: workspace:*
        version: link:../iceoh

packages:

  '@esbuild/android-arm@0.15.18':
    resolution: {integrity: sha512-5GT+kcs2WVGjVs7+boataCkO5Fg0y4kCjzkB5bAip7H4jfnOS3dA6KPiww9W1OEKTKeAcUVhdZGvgI65OXmUnw==}
    engines: {node: '>=12'}
    cpu: [arm]
    os: [android]

  '@esbuild/linux-loong64@0.15.18':
    resolution: {integrity: sha512-L4jVKS82XVhw2nvzLg/19ClLWg0y27ulRwuP7lcyL6AbUWB5aPglXY3M21mauDQMDfRLs8cQmeT03r/+X3cZYQ==}
    engines: {node: '>=12'}
    cpu: [loong64]
    os: [linux]

  '@pixi/accessibility@7.2.4':
    resolution: {integrity: sha512-EVjuqUqv9FeYFXCv0S0qj1hgCtbAMNBPCbOGEtiMogpM++/IySxBZvcOYg3rRgo9inwt2s4Bi7kUiqMPD8hItw==}
    peerDependencies:
      '@pixi/core': 7.2.4
      '@pixi/display': 7.2.4
      '@pixi/events': 7.2.4

  '@pixi/app@7.2.4':
    resolution: {integrity: sha512-eJ2jpu5P28ip07nLItw6sETXn45P4KR/leMJ6zPHRlhT1m8t5zTsWr3jK4Uj8LF2E+6KlPNzLQh5Alf/unn/aQ==}
    peerDependencies:
      '@pixi/core': 7.2.4
      '@pixi/display': 7.2.4

  '@pixi/assets@7.2.4':
    resolution: {integrity: sha512-7199re3wvMAlVqXLaCyAr8IkJSXqkeVAxcYyB2rBu4Id5m2hhlGX1dQsdMBiCXLwu6/LLVqDvJggSNVQBzL6ZQ==}
    peerDependencies:
      '@pixi/core': 7.2.4
      '@pixi/utils': 7.2.4

  '@pixi/color@7.2.4':
    resolution: {integrity: sha512-B/+9JRcXe2uE8wQfsueFRPZVayF2VEMRB7XGeRAsWCryOX19nmWhv0Nt3nOU2rvzI0niz9XgugJXsB6vVmDFSg==}

  '@pixi/compressed-textures@7.2.4':
    resolution: {integrity: sha512-atnWyw/ot/Wg69qhgskKiuTYCZx15IxV35sa0KyXMthyjyvDLCIvOn0nczM6wCBy9H96SjJbfgynVWhVrip6qw==}
    peerDependencies:
      '@pixi/assets': 7.2.4
      '@pixi/core': 7.2.4

  '@pixi/constants@7.2.4':
    resolution: {integrity: sha512-hKuHBWR6N4Q0Sf5MGF3/9l+POg/G5rqhueHfzofiuelnKg7aBs3BVjjZ+6hZbd6M++vOUmxYelEX/NEFBxrheA==}

  '@pixi/core@7.2.4':
    resolution: {integrity: sha512-0XtvrfxHlS2T+beBBSpo7GI8+QLyyTqMVQpNmPqB4woYxzrOEJ9JaUFBaBfCvycLeUkfVih1u6HAbtF+2d1EjQ==}

  '@pixi/display@7.2.4':
    resolution: {integrity: sha512-w5tqb8cWEO5qIDaO9GEqRvxYhL0iMk0Wsngw23bbLm1gLEQmrFkB2tpJlRAqd7H82C3DrDDeWvkrrxW6+m4apg==}
    peerDependencies:
      '@pixi/core': 7.2.4

  '@pixi/events@7.2.4':
    resolution: {integrity: sha512-/JtmoB98fzIU8giN9xvlRvmvOi6u4MaD2DnKNOMHkQ1MBraj3pmrXM9fZ0JbNzi+324GraAAY76QidgHjIYoYQ==}
    peerDependencies:
      '@pixi/core': 7.2.4
      '@pixi/display': 7.2.4

  '@pixi/extensions@7.2.4':
    resolution: {integrity: sha512-Mnqv9scbL1ARD3QFKfOWs2aSVJJfP1dL8g5UiqGImYO3rZbz/9QCzXOeMVIZ5n3iaRyKMNhFFr84/zUja2H7Dw==}

  '@pixi/extract@7.2.4':
    resolution: {integrity: sha512-wlXZg+J2L/1jQhRi5nZQP/cXshovhjksjss91eAKMvY5aGxNAQovCP4xotJ/XJjfTvPMpeRzHPFYzm3PrOPQ7g==}
    peerDependencies:
      '@pixi/core': 7.2.4

  '@pixi/filter-alpha@7.2.4':
    resolution: {integrity: sha512-UTUMSGyktUr+I9vmigqJo9iUhb0nwGyqTTME2xBWZvVGCnl5z+/wHxvIBBCe5pNZ66IM15pGXQ4cDcfqCuP2kA==}
    peerDependencies:
      '@pixi/core': 7.2.4

  '@pixi/filter-blur@7.2.4':
    resolution: {integrity: sha512-aLyXIoxy14bTansCPtbY8x7Sdn2OrrqkF/pcKiRXHJGGhi7wPacvB/NcmYJdnI/n2ExQ6V5Njuj/nfrsejVwcA==}
    peerDependencies:
      '@pixi/core': 7.2.4

  '@pixi/filter-color-matrix@7.2.4':
    resolution: {integrity: sha512-DFtayybYXoUh73eHUFRK5REbi1t3FZuVUnaQTj+euHKF9L7EaYc3Q9wctpx1WPRcwkqEX50M4SNFhxpA7Pxtaw==}
    peerDependencies:
      '@pixi/core': 7.2.4

  '@pixi/filter-displacement@7.2.4':
    resolution: {integrity: sha512-Simq3IBJKt7+Gvk4kK7OFkfoeYUMhNhIyATCdeT+Jkdkq5WV7pYnH5hqO0YW7eAHrgjV13yn6t4H/GC4+6LhEA==}
    peerDependencies:
      '@pixi/core': 7.2.4

  '@pixi/filter-fxaa@7.2.4':
    resolution: {integrity: sha512-qzKjdL+Ih18uGTJLg8tT/H+YCsTeGkw2uF7lyKnw/lxGLJQhLWIhM95M9qSNgxbXyW1vp7SbG81a9aAEz2HAhA==}
    peerDependencies:
      '@pixi/core': 7.2.4

  '@pixi/filter-noise@7.2.4':
    resolution: {integrity: sha512-QAU9Ybj2ZQrWM9ZEjTTC0iLnQcuyNoZNRinxSbg1G0yacpmsSb9wvV5ltIZ66+hfY+90+u2Nudt/v9g6pvOdGg==}
    peerDependencies:
      '@pixi/core': 7.2.4

  '@pixi/graphics@7.2.4':
    resolution: {integrity: sha512-3A2EumTjWJgXlDLOyuBrl9b6v1Za/E+/IjOGUIX843HH4NYaf1a2sfDfljx6r3oiDvy+VhuBFmgynRcV5IyA0Q==}
    peerDependencies:
      '@pixi/core': 7.2.4
      '@pixi/display': 7.2.4
      '@pixi/sprite': 7.2.4

  '@pixi/math@7.2.4':
    resolution: {integrity: sha512-LJB+mozyEPllxa0EssFZrKNfVwysfaBun4b2dJKQQInp0DafgbA0j7A+WVg0oe51KhFULTJMpDqbLn/ITFc41A==}

  '@pixi/mesh-extras@7.2.4':
    resolution: {integrity: sha512-Lxqq/1E2EmDgjZX8KzjhBy3VvITIQ00arr2ikyHYF1d0XtQTKEYpr8VKzhchqZ5/9DuyTDbDMYGhcxoNXQmZrQ==}
    peerDependencies:
      '@pixi/core': 7.2.4
      '@pixi/mesh': 7.2.4

  '@pixi/mesh@7.2.4':
    resolution: {integrity: sha512-wiALIqcRKib2BqeH9kOA5fOKWN352nqAspgbDa8gA7OyWzmNwqIedIlElixd0oLFOrIN5jOZAdzeKnoYQlt9Aw==}
    peerDependencies:
      '@pixi/core': 7.2.4
      '@pixi/display': 7.2.4

  '@pixi/mixin-cache-as-bitmap@7.2.4':
    resolution: {integrity: sha512-95L/9nzfLHw6GoeqqRl/RjSloKvRt0xrc2inCmjMZvMsFUEtHN2F8IWd1k5vcv0S+83NCreFkJg6nJm1m5AZqg==}
    peerDependencies:
      '@pixi/core': 7.2.4
      '@pixi/display': 7.2.4
      '@pixi/sprite': 7.2.4

  '@pixi/mixin-get-child-by-name@7.2.4':
    resolution: {integrity: sha512-9g17KgSBEEhkinnKk4dqmxagzHOCPSTvGB6lOopBq4yyXmr/2WVv+QGjuzE0O+p80szQeBJjPBQxzrfBILaSRw==}
    peerDependencies:
      '@pixi/display': 7.2.4

  '@pixi/mixin-get-global-position@7.2.4':
    resolution: {integrity: sha512-UrAUF2BXCeWtFgR2m+er41Ky7zShT7r228cZkB6ZfYwMeThhwqG5mH68UeCyP6p68JMpT1gjI2DPfeSRY3ecnA==}
    peerDependencies:
      '@pixi/core': 7.2.4
      '@pixi/display': 7.2.4

  '@pixi/particle-container@7.2.4':
    resolution: {integrity: sha512-tpSzilZGFtAoi8XhzL0TecLPNRQAbY8nWV9XNGXJDw+nxXp18GCe8L6eEmnHLlAug67BRHl65DtrdvTknPX+4g==}
    peerDependencies:
      '@pixi/core': 7.2.4
      '@pixi/display': 7.2.4
      '@pixi/sprite': 7.2.4

  '@pixi/prepare@7.2.4':
    resolution: {integrity: sha512-Yff5Sh4kTLdKc5VkkM44LW9gpj7Izw8ns3P1TzWxqeGjzPZ3folr/tQujGL+Qw+8A9VESp+hX9MSIHyw+jpyrg==}
    peerDependencies:
      '@pixi/core': 7.2.4
      '@pixi/display': 7.2.4
      '@pixi/graphics': 7.2.4
      '@pixi/text': 7.2.4

  '@pixi/runner@7.2.4':
    resolution: {integrity: sha512-YtyqPk1LA+0guEFKSFx6t/YSvbEQwajFwi4Ft8iDhioa6VK2MmTir1GjWwy7JQYLcDmYSAcQjnmFtVTZohyYSw==}

  '@pixi/settings@7.2.4':
    resolution: {integrity: sha512-ZPKRar9EwibijGmH8EViu4Greq1I/O7V/xQx2rNqN23XA7g09Qo6yfaeQpufu5xl8+/lZrjuHtQSnuY7OgG1CA==}

  '@pixi/sprite-animated@7.2.4':
    resolution: {integrity: sha512-9eRriPSC0QVS7U9zQlrG3uEI5+h3fi+mqofXy+yjk1sGCmXSIJME5p2wg2mzxoJk3qkSMagQA9QHtL26Fti8Iw==}
    peerDependencies:
      '@pixi/core': 7.2.4
      '@pixi/sprite': 7.2.4

  '@pixi/sprite-tiling@7.2.4':
    resolution: {integrity: sha512-nGfxQoACRx49dUN0oW1vFm3141M+7gkAbzoNJym2Pljd2dpLME9fb5E6Lyahu0yWMaPRhhGorn6z9VIGmTF3Jw==}
    peerDependencies:
      '@pixi/core': 7.2.4
      '@pixi/display': 7.2.4
      '@pixi/sprite': 7.2.4

  '@pixi/sprite@7.2.4':
    resolution: {integrity: sha512-DhR1B+/d0eXpxHIesJMXcVPrKFwQ+zRA1LvEIFfzewqfaRN3X6PMIuoKX8SIb6tl+Hq8Ba9Pe28zI7d2rmRzrA==}
    peerDependencies:
      '@pixi/core': 7.2.4
      '@pixi/display': 7.2.4

  '@pixi/spritesheet@7.2.4':
    resolution: {integrity: sha512-LNmlavyiMQeCF0U4S+yhzxUYmPmat6EpLjLnkGukQTZV5CZkxDCVgXM9uKoRF2DvNydj4yuwZ6+JjK8QssHI8Q==}
    peerDependencies:
      '@pixi/assets': 7.2.4
      '@pixi/core': 7.2.4

  '@pixi/text-bitmap@7.2.4':
    resolution: {integrity: sha512-3u2CP4VN+muCaq/jtj7gn0hb3DET/X2S04zTBcgc2WVGufJc62yz+UDzS9jC+ellotVdt9c8U74++vpz3zJGfw==}
    peerDependencies:
      '@pixi/assets': 7.2.4
      '@pixi/core': 7.2.4
      '@pixi/display': 7.2.4
      '@pixi/mesh': 7.2.4
      '@pixi/text': 7.2.4

  '@pixi/text-html@7.2.4':
    resolution: {integrity: sha512-0NfLAE/w51ZtatxVqLvDS62iO0VLKsSdctqTAVv4Zlgdk9TKJmX1WUucHJboTvbm2SbDjNDGfZ6qXM5nAslIDQ==}
    peerDependencies:
      '@pixi/core': 7.2.4
      '@pixi/display': 7.2.4
      '@pixi/sprite': 7.2.4
      '@pixi/text': 7.2.4

  '@pixi/text@7.2.4':
    resolution: {integrity: sha512-DGu7ktpe+zHhqR2sG9NsJt4mgvSObv5EqXTtUxD4Z0li1gmqF7uktpLyn5I6vSg1TTEL4TECClRDClVDGiykWw==}
    peerDependencies:
      '@pixi/core': 7.2.4
      '@pixi/sprite': 7.2.4

  '@pixi/ticker@7.2.4':
    resolution: {integrity: sha512-hQQHIHvGeFsP4GNezZqjzuhUgNQEVgCH9+qU05UX1Mc5UHC9l6OJnY4VTVhhcHxZjA6RnyaY+1zBxCnoXuazpg==}

  '@pixi/utils@7.2.4':
    resolution: {integrity: sha512-VUGQHBOINIS4ePzoqafwxaGPVRTa3oM/mEutIIHbNGI3b+QvSO+1Dnk40M0zcH6Bo+MxQZbOZK5X/wO9oU5+LQ==}

  '@types/chai-subset@1.3.3':
    resolution: {integrity: sha512-frBecisrNGz+F4T6bcc+NLeolfiojh5FxW2klu669+8BARtyQv2C/GkNW6FUodVe4BroGMP/wER/YDGc7rEllw==}

  '@types/chai@4.3.6':
    resolution: {integrity: sha512-VOVRLM1mBxIRxydiViqPcKn6MIxZytrbMpd6RJLIWKxUNr3zux8no0Oc7kJx0WAPIitgZ0gkrDS+btlqQpubpw==}

  '@types/css-font-loading-module@0.0.7':
    resolution: {integrity: sha512-nl09VhutdjINdWyXxHWN/w9zlNCfr60JUqJbd24YXUuCwgeL0TpFSdElCwb6cxfB6ybE19Gjj4g0jsgkXxKv1Q==}

  '@types/dat.gui@0.7.10':
    resolution: {integrity: sha512-sLifoNrvs4lgJkAUZcTB28dbWy0AM05Yc0BzTqHheK0tRYRVsJHoFLocB5heDbb5amaFLEXna41GOM6IG06oqA==}

  '@types/earcut@2.1.1':
    resolution: {integrity: sha512-w8oigUCDjElRHRRrMvn/spybSMyX8MTkKA5Dv+tS1IE/TgmNZPqUYtvYBXGY8cieSE66gm+szeK+bnbxC2xHTQ==}

  '@types/node@20.6.0':
    resolution: {integrity: sha512-najjVq5KN2vsH2U/xyh2opaSEz6cZMR2SetLIlxlj08nOcmPOemJmUK2o4kUzfLqfrWE0PIrNeE16XhYDd3nqg==}

  '@types/offscreencanvas@2019.7.1':
    resolution: {integrity: sha512-+HSrJgjBW77ALieQdMJvXhRZUIRN1597L+BKvsyeiIlHHERnqjcuOLyodK3auJ3Y3zRezNKtKAhuQWYJfEgFHQ==}

  acorn-walk@8.2.0:
    resolution: {integrity: sha512-k+iyHEuPgSw6SbuDpGQM+06HQUa04DZ3o+F6CSzXMvvI5KMvnaEqXe+YVe555R9nn6GPt404fos4wcgpw12SDA==}
    engines: {node: '>=0.4.0'}

  acorn@8.10.0:
    resolution: {integrity: sha512-F0SAmZ8iUtS//m8DmCTA0jlh6TDKkHQyK6xc6V4KDTyZKA9dnvX9/3sRTVQrWm79glUAZbnmmNcdYwUIHWVybw==}
    engines: {node: '>=0.4.0'}
    hasBin: true

  animejs@3.2.1:
    resolution: {integrity: sha512-sWno3ugFryK5nhiDm/2BKeFCpZv7vzerWUcUPyAZLDhMek3+S/p418ldZJbJXo5ZUOpfm2kP2XRO4NJcULMy9A==}

  ansi-sequence-parser@1.1.1:
    resolution: {integrity: sha512-vJXt3yiaUL4UU546s3rPXlsry/RnM730G1+HkpKE012AN0sx1eOrxSu95oKDIonskeLTijMgqWZ3uDEe3NFvyg==}

  assertion-error@1.1.0:
    resolution: {integrity: sha512-jgsaNduz+ndvGyFt3uSuWqvy4lCnIJiovtouQN5JZHOKCS2QuhEdbcQHFhVksz2N2U9hXJo8odG7ETyWlEeuDw==}

  balanced-match@1.0.2:
    resolution: {integrity: sha512-3oSeUO0TMV67hN1AmbXsK4yaqU7tjiHlbxRDZOpH0KW9+CeX4bRAaX0Anxt0tx2MrpRpWwQaPwIlISEJhYU5Pw==}

  brace-expansion@2.0.1:
    resolution: {integrity: sha512-XnAIvQ8eM+kC6aULx6wuQiwVsnzsi9d3WxzV3FpWTGA19F621kwdbsAcFKXgKUHZWsy+mY6iL1sHTxWEFCytDA==}

  call-bind@1.0.2:
    resolution: {integrity: sha512-7O+FbCihrB5WGbFYesctwmTKae6rOiIzmz1icreWJ+0aA7LJfuqhEso2T9ncpcFtzMQtzXf2QGGueWJGTYsqrA==}

  chai@4.3.8:
    resolution: {integrity: sha512-vX4YvVVtxlfSZ2VecZgFUTU5qPCYsobVI2O9FmwEXBhDigYGQA6jRXCycIs1yJnnWbZ6/+a2zNIF5DfVCcJBFQ==}
    engines: {node: '>=4'}

  check-error@1.0.2:
    resolution: {integrity: sha512-BrgHpW9NURQgzoNyjfq0Wu6VFO6D7IZEmJNdtgNqpzGG8RuNFHt2jQxWlAs4HMe119chBnv+34syEZtc6IhLtA==}

  colord@2.9.3:
    resolution: {integrity: sha512-jeC1axXpnb0/2nn/Y1LPuLdgXBLH7aDcHu4KEKfqw3CUhX7ZpfBSlPKyqXE6btIgEzfWtrX3/tyBCaCvXvMkOw==}

  dat.gui@0.7.9:
    resolution: {integrity: sha512-sCNc1OHobc+Erc1HqiswYgHdVNpSJUlk/Hz8vzOCsER7rl+oF/4+v8GXFUyCgtXpoCX6+bnmg07DedLvBLwYKQ==}

  debug@4.3.4:
    resolution: {integrity: sha512-PRWFHuSU3eDtQJPvnNY7Jcket1j0t5OuOsFzPPzsekD52Zl8qUfFIPEiswXqIvHWGVHOgX+7G/vCNNhehwxfkQ==}
    engines: {node: '>=6.0'}
    peerDependencies:
      supports-color: '*'
    peerDependenciesMeta:
      supports-color:
        optional: true

  deep-eql@4.1.3:
    resolution: {integrity: sha512-WaEtAOpRA1MQ0eohqZjpGD8zdI0Ovsm8mmFhaDN8dvDZzyoUMcYDnf5Y6iu7HTXxf8JDS23qWa4a+hKCDyOPzw==}
    engines: {node: '>=6'}

  earcut@2.2.4:
    resolution: {integrity: sha512-/pjZsA1b4RPHbeWZQn66SWS8nZZWLQQ23oE3Eam7aroEFGEvwKAsJfZ9ytiEMycfzXWpca4FA9QIOehf7PocBQ==}

  esbuild-android-64@0.15.18:
    resolution: {integrity: sha512-wnpt3OXRhcjfIDSZu9bnzT4/TNTDsOUvip0foZOUBG7QbSt//w3QV4FInVJxNhKc/ErhUxc5z4QjHtMi7/TbgA==}
    engines: {node: '>=12'}
    cpu: [x64]
    os: [android]

  esbuild-android-arm64@0.15.18:
    resolution: {integrity: sha512-G4xu89B8FCzav9XU8EjsXacCKSG2FT7wW9J6hOc18soEHJdtWu03L3TQDGf0geNxfLTtxENKBzMSq9LlbjS8OQ==}
    engines: {node: '>=12'}
    cpu: [arm64]
    os: [android]

  esbuild-darwin-64@0.15.18:
    resolution: {integrity: sha512-2WAvs95uPnVJPuYKP0Eqx+Dl/jaYseZEUUT1sjg97TJa4oBtbAKnPnl3b5M9l51/nbx7+QAEtuummJZW0sBEmg==}
    engines: {node: '>=12'}
    cpu: [x64]
    os: [darwin]

  esbuild-darwin-arm64@0.15.18:
    resolution: {integrity: sha512-tKPSxcTJ5OmNb1btVikATJ8NftlyNlc8BVNtyT/UAr62JFOhwHlnoPrhYWz09akBLHI9nElFVfWSTSRsrZiDUA==}
    engines: {node: '>=12'}
    cpu: [arm64]
    os: [darwin]

  esbuild-freebsd-64@0.15.18:
    resolution: {integrity: sha512-TT3uBUxkteAjR1QbsmvSsjpKjOX6UkCstr8nMr+q7zi3NuZ1oIpa8U41Y8I8dJH2fJgdC3Dj3CXO5biLQpfdZA==}
    engines: {node: '>=12'}
    cpu: [x64]
    os: [freebsd]

  esbuild-freebsd-arm64@0.15.18:
    resolution: {integrity: sha512-R/oVr+X3Tkh+S0+tL41wRMbdWtpWB8hEAMsOXDumSSa6qJR89U0S/PpLXrGF7Wk/JykfpWNokERUpCeHDl47wA==}
    engines: {node: '>=12'}
    cpu: [arm64]
    os: [freebsd]

  esbuild-linux-32@0.15.18:
    resolution: {integrity: sha512-lphF3HiCSYtaa9p1DtXndiQEeQDKPl9eN/XNoBf2amEghugNuqXNZA/ZovthNE2aa4EN43WroO0B85xVSjYkbg==}
    engines: {node: '>=12'}
    cpu: [ia32]
    os: [linux]

  esbuild-linux-64@0.15.18:
    resolution: {integrity: sha512-hNSeP97IviD7oxLKFuii5sDPJ+QHeiFTFLoLm7NZQligur8poNOWGIgpQ7Qf8Balb69hptMZzyOBIPtY09GZYw==}
    engines: {node: '>=12'}
    cpu: [x64]
    os: [linux]

  esbuild-linux-arm64@0.15.18:
    resolution: {integrity: sha512-54qr8kg/6ilcxd+0V3h9rjT4qmjc0CccMVWrjOEM/pEcUzt8X62HfBSeZfT2ECpM7104mk4yfQXkosY8Quptug==}
    engines: {node: '>=12'}
    cpu: [arm64]
    os: [linux]

  esbuild-linux-arm@0.15.18:
    resolution: {integrity: sha512-UH779gstRblS4aoS2qpMl3wjg7U0j+ygu3GjIeTonCcN79ZvpPee12Qun3vcdxX+37O5LFxz39XeW2I9bybMVA==}
    engines: {node: '>=12'}
    cpu: [arm]
    os: [linux]

  esbuild-linux-mips64le@0.15.18:
    resolution: {integrity: sha512-Mk6Ppwzzz3YbMl/ZZL2P0q1tnYqh/trYZ1VfNP47C31yT0K8t9s7Z077QrDA/guU60tGNp2GOwCQnp+DYv7bxQ==}
    engines: {node: '>=12'}
    cpu: [mips64el]
    os: [linux]

  esbuild-linux-ppc64le@0.15.18:
    resolution: {integrity: sha512-b0XkN4pL9WUulPTa/VKHx2wLCgvIAbgwABGnKMY19WhKZPT+8BxhZdqz6EgkqCLld7X5qiCY2F/bfpUUlnFZ9w==}
    engines: {node: '>=12'}
    cpu: [ppc64]
    os: [linux]

  esbuild-linux-riscv64@0.15.18:
    resolution: {integrity: sha512-ba2COaoF5wL6VLZWn04k+ACZjZ6NYniMSQStodFKH/Pu6RxzQqzsmjR1t9QC89VYJxBeyVPTaHuBMCejl3O/xg==}
    engines: {node: '>=12'}
    cpu: [riscv64]
    os: [linux]

  esbuild-linux-s390x@0.15.18:
    resolution: {integrity: sha512-VbpGuXEl5FCs1wDVp93O8UIzl3ZrglgnSQ+Hu79g7hZu6te6/YHgVJxCM2SqfIila0J3k0csfnf8VD2W7u2kzQ==}
    engines: {node: '>=12'}
    cpu: [s390x]
    os: [linux]

  esbuild-netbsd-64@0.15.18:
    resolution: {integrity: sha512-98ukeCdvdX7wr1vUYQzKo4kQ0N2p27H7I11maINv73fVEXt2kyh4K4m9f35U1K43Xc2QGXlzAw0K9yoU7JUjOg==}
    engines: {node: '>=12'}
    cpu: [x64]
    os: [netbsd]

  esbuild-openbsd-64@0.15.18:
    resolution: {integrity: sha512-yK5NCcH31Uae076AyQAXeJzt/vxIo9+omZRKj1pauhk3ITuADzuOx5N2fdHrAKPxN+zH3w96uFKlY7yIn490xQ==}
    engines: {node: '>=12'}
    cpu: [x64]
    os: [openbsd]

  esbuild-sunos-64@0.15.18:
    resolution: {integrity: sha512-On22LLFlBeLNj/YF3FT+cXcyKPEI263nflYlAhz5crxtp3yRG1Ugfr7ITyxmCmjm4vbN/dGrb/B7w7U8yJR9yw==}
    engines: {node: '>=12'}
    cpu: [x64]
    os: [sunos]

  esbuild-windows-32@0.15.18:
    resolution: {integrity: sha512-o+eyLu2MjVny/nt+E0uPnBxYuJHBvho8vWsC2lV61A7wwTWC3jkN2w36jtA+yv1UgYkHRihPuQsL23hsCYGcOQ==}
    engines: {node: '>=12'}
    cpu: [ia32]
    os: [win32]

  esbuild-windows-64@0.15.18:
    resolution: {integrity: sha512-qinug1iTTaIIrCorAUjR0fcBk24fjzEedFYhhispP8Oc7SFvs+XeW3YpAKiKp8dRpizl4YYAhxMjlftAMJiaUw==}
    engines: {node: '>=12'}
    cpu: [x64]
    os: [win32]

  esbuild-windows-arm64@0.15.18:
    resolution: {integrity: sha512-q9bsYzegpZcLziq0zgUi5KqGVtfhjxGbnksaBFYmWLxeV/S1fK4OLdq2DFYnXcLMjlZw2L0jLsk1eGoB522WXQ==}
    engines: {node: '>=12'}
    cpu: [arm64]
    os: [win32]

  esbuild@0.15.18:
    resolution: {integrity: sha512-x/R72SmW3sSFRm5zrrIjAhCeQSAWoni3CmHEqfQrZIQTM3lVCdehdwuIqaOtfC2slvpdlLa62GYoN8SxT23m6Q==}
    engines: {node: '>=12'}
    hasBin: true

  eventemitter3@4.0.7:
    resolution: {integrity: sha512-8guHBZCwKnFhYdHr2ysuRWErTwhoN2X8XELRlrRwpmfeY2jjuUN4taQMsULKUVo1K4DvZl+0pgfyoysHxvmvEw==}

  fsevents@2.3.3:
    resolution: {integrity: sha512-5xoDfX+fL7faATnagmWPpbFtwh/R77WmMMqqHGS65C3vvB0YHrgF+B1YmZ3441tMj5n63k0212XNoJwzlhffQw==}
    engines: {node: ^8.16.0 || ^10.6.0 || >=11.0.0}
    os: [darwin]

  function-bind@1.1.1:
    resolution: {integrity: sha512-yIovAzMX49sF8Yl58fSCWJ5svSLuaibPxXQJFLmBObTuCr0Mf1KiPopGM9NiFjiYBCbfaa2Fh6breQ6ANVTI0A==}

  get-func-name@2.0.0:
    resolution: {integrity: sha512-Hm0ixYtaSZ/V7C8FJrtZIuBBI+iSgL+1Aq82zSu8VQNB4S3Gk8e7Qs3VwBDJAhmRZcFqkl3tQu36g/Foh5I5ig==}

  get-intrinsic@1.2.1:
    resolution: {integrity: sha512-2DcsyfABl+gVHEfCOaTrWgyt+tb6MSEGmKq+kI5HwLbIYgjgmMcV8KQ41uaKz1xxUcn9tJtgFbQUEVcEbd0FYw==}

  has-proto@1.0.1:
    resolution: {integrity: sha512-7qE+iP+O+bgF9clE5+UoBFzE65mlBiVj3tKCrlNQ0Ogwm0BjpT/gK4SlLYDMybDh5I3TCTKnPPa0oMG7JDYrhg==}
    engines: {node: '>= 0.4'}

  has-symbols@1.0.3:
    resolution: {integrity: sha512-l3LCuF6MgDNwTDKkdYGEihYjt5pRPbEg46rtlmnSPlUbgmB8LOIrKJbYYFBSbnPaJexMKtiPO8hmeRjRz2Td+A==}
    engines: {node: '>= 0.4'}

  has@1.0.3:
    resolution: {integrity: sha512-f2dvO0VU6Oej7RkWJGrehjbzMAjFp5/VKPp5tTpWIV4JHHZK1/BxbFRtf/siA2SWTe09caDmVtYYzWEIbBS4zw==}
    engines: {node: '>= 0.4.0'}

  is-core-module@2.13.0:
    resolution: {integrity: sha512-Z7dk6Qo8pOCp3l4tsX2C5ZVas4V+UxwQodwZhLopL91TX8UyyHEXafPcyoeeWuLrwzHcr3igO78wNLwHJHsMCQ==}

  ismobilejs@1.1.1:
    resolution: {integrity: sha512-VaFW53yt8QO61k2WJui0dHf4SlL8lxBofUuUmwBo0ljPk0Drz2TiuDW4jo3wDcv41qy/SxrJ+VAzJ/qYqsmzRw==}

  jsonc-parser@3.2.0:
    resolution: {integrity: sha512-gfFQZrcTc8CnKXp6Y4/CBT3fTc0OVuDofpre4aEeEpSBPV5X5v4+Vmx+8snU7RLPrNHPKSgLxGo9YuQzz20o+w==}

  local-pkg@0.4.3:
    resolution: {integrity: sha512-SFppqq5p42fe2qcZQqqEOiVRXl+WCP1MdT6k7BDEW1j++sp5fIY+/fdRQitvKgB5BrBcmrs5m/L0v2FrU5MY1g==}
    engines: {node: '>=14'}

  loupe@2.3.6:
    resolution: {integrity: sha512-RaPMZKiMy8/JruncMU5Bt6na1eftNoo++R4Y+N2FrxkDVTrGvcyzFTsaGif4QTeKESheMGegbhw6iUAq+5A8zA==}

  lunr@2.3.9:
    resolution: {integrity: sha512-zTU3DaZaF3Rt9rhN3uBMGQD3dD2/vFQqnvZCDv4dl5iOzq2IZQqTxu90r4E5J+nP70J3ilqVCrbho2eWaeW8Ow==}

  marked@4.3.0:
    resolution: {integrity: sha512-PRsaiG84bK+AMvxziE/lCFss8juXjNaWzVbN5tXAm4XjeaS9NAHhop+PjQxz2A9h8Q4M/xGmzP8vqNwy6JeK0A==}
    engines: {node: '>= 12'}
    hasBin: true

  minimatch@7.4.6:
    resolution: {integrity: sha512-sBz8G/YjVniEz6lKPNpKxXwazJe4c19fEfV2GDMX6AjFz+MX9uDWIZW8XreVhkFW3fkIdTv/gxWr/Kks5FFAVw==}
    engines: {node: '>=10'}

  ms@2.1.2:
    resolution: {integrity: sha512-sGkPx+VjMtmA6MX27oA4FBFELFCZZ4S4XqeGOXCv68tT+jb3vk/RyaKWP0PTKyWtmLSM0b+adUTEvbs1PEaH2w==}

  nanoid@3.3.6:
    resolution: {integrity: sha512-BGcqMMJuToF7i1rt+2PWSNVnWIkGCU78jBG3RxO/bZlnZPK2Cmi2QaffxGO/2RvWi9sL+FAiRiXMgsyxQ1DIDA==}
    engines: {node: ^10 || ^12 || ^13.7 || ^14 || >=15.0.1}
    hasBin: true

  object-inspect@1.12.3:
    resolution: {integrity: sha512-geUvdk7c+eizMNUDkRpW1wJwgfOiOeHbxBR/hLXK1aT6zmVSO0jsQcs7fj6MGw89jC/cjGfLcNOrtMYtGqm81g==}

  path-parse@1.0.7:
    resolution: {integrity: sha512-LDJzPVEEEPR+y48z93A0Ed0yXb8pAByGWo/k5YYdYgpY2/2EsOsksJrq7lOHxryrVOn1ejG6oAp8ahvOIQD8sw==}

  pathval@1.1.1:
    resolution: {integrity: sha512-Dp6zGqpTdETdR63lehJYPeIOqpiNBNtc7BpWSLrOje7UaIsE5aY92r/AunQA7rsXvet3lrJ3JnZX29UPTKXyKQ==}

  picocolors@1.0.0:
    resolution: {integrity: sha512-1fygroTLlHu66zi26VoTDv8yRgm0Fccecssto+MhsZ0D/DGW2sm8E8AjW7NU5VVTRt5GxbeZ5qBuJr+HyLYkjQ==}

  pixi.js@7.2.4:
    resolution: {integrity: sha512-nBH60meoLnHxoMFz17HoMxXS4uJpG5jwIdL+Gx2S11TzWgP3iKF+/WLOTrkSdyuQoQSdIBxVqpnYii0Wiox15A==}

  postcss@8.4.29:
    resolution: {integrity: sha512-cbI+jaqIeu/VGqXEarWkRCCffhjgXc0qjBtXpqJhTBohMUjUQnbBr0xqX3vEKudc4iviTewcJo5ajcec5+wdJw==}
    engines: {node: ^10 || ^12 || >=14}

  punycode@1.4.1:
    resolution: {integrity: sha512-jmYNElW7yvO7TV33CjSmvSiE2yco3bV2czu/OzDKdMNVZQWfxCblURLhf+47syQRBntjfLdd/H0egrzIG+oaFQ==}

  qs@6.11.2:
    resolution: {integrity: sha512-tDNIz22aBzCDxLtVH++VnTfzxlfeK5CbqohpSqpJgj1Wg/cQbStNAz3NuqCs5vV+pjBsK4x4pN9HlVh7rcYRiA==}
    engines: {node: '>=0.6'}

  resolve@1.22.4:
    resolution: {integrity: sha512-PXNdCiPqDqeUou+w1C2eTQbNfxKSuMxqTCuvlmmMsk1NWHL5fRrhY6Pl0qEYYc6+QqGClco1Qj8XnjPego4wfg==}
    hasBin: true

  rollup@2.79.1:
    resolution: {integrity: sha512-uKxbd0IhMZOhjAiD5oAFp7BqvkA4Dv47qpOCtaNvng4HBwdbWtdOh8f5nZNuk2rp51PMGk3bzfWu5oayNEuYnw==}
    engines: {node: '>=10.0.0'}
    hasBin: true

  shiki@0.14.4:
    resolution: {integrity: sha512-IXCRip2IQzKwxArNNq1S+On4KPML3Yyn8Zzs/xRgcgOWIr8ntIK3IKzjFPfjy/7kt9ZMjc+FItfqHRBg8b6tNQ==}

  side-channel@1.0.4:
    resolution: {integrity: sha512-q5XPytqFEIKHkGdiMIrY10mvLRvnQh42/+GoBlFW3b2LXLE2xxJpZFdm94we0BaoV3RwJyGqg5wS7epxTv0Zvw==}

  source-map-js@1.0.2:
    resolution: {integrity: sha512-R0XvVJ9WusLiqTCEiGCmICCMplcCkIwwR11mOSD9CR5u+IXYdiseeEuXCVAjS54zqwkLcPNnmU4OeJ6tUrWhDw==}
    engines: {node: '>=0.10.0'}

  source-map@0.6.1:
    resolution: {integrity: sha512-UjgapumWlbMhkBgzT7Ykc5YXUT46F0iKu8SGXq0bcwP5dz/h0Plj6enJqjz1Zbq2l5WaqYnrVbwWOWMyF3F47g==}
    engines: {node: '>=0.10.0'}

  strip-literal@1.3.0:
    resolution: {integrity: sha512-PugKzOsyXpArk0yWmUwqOZecSO0GH0bPoctLcqNDH9J04pVW3lflYE0ujElBGTloevcxF5MofAOZ7C5l2b+wLg==}

  supports-preserve-symlinks-flag@1.0.0:
    resolution: {integrity: sha512-ot0WnXS9fgdkgIcePe6RHNk1WA8+muPa6cSjeR3V8K27q9BB1rTE3R1p7Hv0z1ZyAc8s6Vvv8DIyWf681MAt0w==}
    engines: {node: '>= 0.4'}

  tinybench@2.5.1:
    resolution: {integrity: sha512-65NKvSuAVDP/n4CqH+a9w2kTlLReS9vhsAP06MWx+/89nMinJyB2icyl58RIcqCmIggpojIGeuJGhjU1aGMBSg==}

  tinypool@0.3.1:
    resolution: {integrity: sha512-zLA1ZXlstbU2rlpA4CIeVaqvWq41MTWqLY3FfsAXgC8+f7Pk7zroaJQxDgxn1xNudKW6Kmj4808rPFShUlIRmQ==}
    engines: {node: '>=14.0.0'}

  tinyspy@1.1.1:
    resolution: {integrity: sha512-UVq5AXt/gQlti7oxoIg5oi/9r0WpF7DGEVwXgqWSMmyN16+e3tl5lIvTaOpJ3TAtu5xFzWccFRM4R5NaWHF+4g==}
    engines: {node: '>=14.0.0'}

  turbo-darwin-64@1.10.13:
    resolution: {integrity: sha512-vmngGfa2dlYvX7UFVncsNDMuT4X2KPyPJ2Jj+xvf5nvQnZR/3IeDEGleGVuMi/hRzdinoxwXqgk9flEmAYp0Xw==}
    cpu: [x64]
    os: [darwin]

  turbo-darwin-arm64@1.10.13:
    resolution: {integrity: sha512-eMoJC+k7gIS4i2qL6rKmrIQGP6Wr9nN4odzzgHFngLTMimok2cGLK3qbJs5O5F/XAtEeRAmuxeRnzQwTl/iuAw==}
    cpu: [arm64]
    os: [darwin]

  turbo-linux-64@1.10.13:
    resolution: {integrity: sha512-0CyYmnKTs6kcx7+JRH3nPEqCnzWduM0hj8GP/aodhaIkLNSAGAa+RiYZz6C7IXN+xUVh5rrWTnU2f1SkIy7Gdg==}
    cpu: [x64]
    os: [linux]

  turbo-linux-arm64@1.10.13:
    resolution: {integrity: sha512-0iBKviSGQQlh2OjZgBsGjkPXoxvRIxrrLLbLObwJo3sOjIH0loGmVIimGS5E323soMfi/o+sidjk2wU1kFfD7Q==}
    cpu: [arm64]
    os: [linux]

  turbo-windows-64@1.10.13:
    resolution: {integrity: sha512-S5XySRfW2AmnTeY1IT+Jdr6Goq7mxWganVFfrmqU+qqq3Om/nr0GkcUX+KTIo9mPrN0D3p5QViBRzulwB5iuUQ==}
    cpu: [x64]
    os: [win32]

  turbo-windows-arm64@1.10.13:
    resolution: {integrity: sha512-nKol6+CyiExJIuoIc3exUQPIBjP9nIq5SkMJgJuxsot2hkgGrafAg/izVDRDrRduQcXj2s8LdtxJHvvnbI8hEQ==}
    cpu: [arm64]
    os: [win32]

  turbo@1.10.13:
    resolution: {integrity: sha512-vOF5IPytgQPIsgGtT0n2uGZizR2N3kKuPIn4b5p5DdeLoI0BV7uNiydT7eSzdkPRpdXNnO8UwS658VaI4+YSzQ==}
    hasBin: true

  type-detect@4.0.8:
    resolution: {integrity: sha512-0fr/mIH1dlO+x7TlcMy+bIDqKPsw/70tVyeHW787goQjhmqaZe10uwLujubK9q9Lg6Fiho1KUKDYz0Z7k7g5/g==}
    engines: {node: '>=4'}

  typedoc@0.23.28:
    resolution: {integrity: sha512-9x1+hZWTHEQcGoP7qFmlo4unUoVJLB0H/8vfO/7wqTnZxg4kPuji9y3uRzEu0ZKez63OJAUmiGhUrtukC6Uj3w==}
    engines: {node: '>= 14.14'}
    hasBin: true
    peerDependencies:
      typescript: 4.6.x || 4.7.x || 4.8.x || 4.9.x || 5.0.x

  typescript@4.9.5:
    resolution: {integrity: sha512-1FXk9E2Hm+QzZQ7z+McJiHL4NW1F2EzMu9Nq9i3zAaGqibafqYwCVU6WyWAuyQRRzOlxou8xZSyXLEN8oKj24g==}
    engines: {node: '>=4.2.0'}
    hasBin: true

  url@0.11.2:
    resolution: {integrity: sha512-7yIgNnrST44S7PJ5+jXbdIupfU1nWUdQJBFBeJRclPXiWgCvrSq5Frw8lr/i//n5sqDfzoKmBymMS81l4U/7cg==}

  vite@3.2.7:
    resolution: {integrity: sha512-29pdXjk49xAP0QBr0xXqu2s5jiQIXNvE/xwd0vUizYT2Hzqe4BksNNoWllFVXJf4eLZ+UlVQmXfB4lWrc+t18g==}
    engines: {node: ^14.18.0 || >=16.0.0}
    hasBin: true
    peerDependencies:
      '@types/node': '>= 14'
      less: '*'
      sass: '*'
      stylus: '*'
      sugarss: '*'
      terser: ^5.4.0
    peerDependenciesMeta:
      '@types/node':
        optional: true
      less:
        optional: true
      sass:
        optional: true
      stylus:
        optional: true
      sugarss:
        optional: true
      terser:
        optional: true

  vitest@0.25.8:
    resolution: {integrity: sha512-X75TApG2wZTJn299E/TIYevr4E9/nBo1sUtZzn0Ci5oK8qnpZAZyhwg0qCeMSakGIWtc6oRwcQFyFfW14aOFWg==}
    engines: {node: '>=v14.16.0'}
    hasBin: true
    peerDependencies:
      '@edge-runtime/vm': '*'
      '@vitest/browser': '*'
      '@vitest/ui': '*'
      happy-dom: '*'
      jsdom: '*'
    peerDependenciesMeta:
      '@edge-runtime/vm':
        optional: true
      '@vitest/browser':
        optional: true
      '@vitest/ui':
        optional: true
      happy-dom:
        optional: true
      jsdom:
        optional: true

  vscode-oniguruma@1.7.0:
    resolution: {integrity: sha512-L9WMGRfrjOhgHSdOYgCt/yRMsXzLDJSL7BPrOZt73gU0iWO4mpqzqQzOz5srxqTvMBaR0XZTSrVWo4j55Rc6cA==}

  vscode-textmate@8.0.0:
    resolution: {integrity: sha512-AFbieoL7a5LMqcnOF04ji+rpXadgOXnZsxQr//r83kLPr7biP7am3g9zbaZIaBGwBRWeSvoMD4mgPdX3e4NWBg==}

snapshots:

  '@esbuild/android-arm@0.15.18':
    optional: true

  '@esbuild/linux-loong64@0.15.18':
    optional: true

  '@pixi/accessibility@7.2.4(@pixi/core@7.2.4)(@pixi/display@7.2.4)(@pixi/events@7.2.4)':
    dependencies:
      '@pixi/core': 7.2.4
      '@pixi/display': 7.2.4(@pixi/core@7.2.4)
      '@pixi/events': 7.2.4(@pixi/core@7.2.4)(@pixi/display@7.2.4)

  '@pixi/app@7.2.4(@pixi/core@7.2.4)(@pixi/display@7.2.4)':
    dependencies:
      '@pixi/core': 7.2.4
      '@pixi/display': 7.2.4(@pixi/core@7.2.4)

  '@pixi/assets@7.2.4(@pixi/core@7.2.4)(@pixi/utils@7.2.4)':
    dependencies:
      '@pixi/core': 7.2.4
      '@pixi/utils': 7.2.4
      '@types/css-font-loading-module': 0.0.7

  '@pixi/color@7.2.4':
    dependencies:
      colord: 2.9.3

  '@pixi/compressed-textures@7.2.4(@pixi/assets@7.2.4)(@pixi/core@7.2.4)':
    dependencies:
      '@pixi/assets': 7.2.4(@pixi/core@7.2.4)(@pixi/utils@7.2.4)
      '@pixi/core': 7.2.4

  '@pixi/constants@7.2.4': {}

  '@pixi/core@7.2.4':
    dependencies:
      '@pixi/color': 7.2.4
      '@pixi/constants': 7.2.4
      '@pixi/extensions': 7.2.4
      '@pixi/math': 7.2.4
      '@pixi/runner': 7.2.4
      '@pixi/settings': 7.2.4
      '@pixi/ticker': 7.2.4
      '@pixi/utils': 7.2.4
      '@types/offscreencanvas': 2019.7.1

  '@pixi/display@7.2.4(@pixi/core@7.2.4)':
    dependencies:
      '@pixi/core': 7.2.4

  '@pixi/events@7.2.4(@pixi/core@7.2.4)(@pixi/display@7.2.4)':
    dependencies:
      '@pixi/core': 7.2.4
      '@pixi/display': 7.2.4(@pixi/core@7.2.4)

  '@pixi/extensions@7.2.4': {}

  '@pixi/extract@7.2.4(@pixi/core@7.2.4)':
    dependencies:
      '@pixi/core': 7.2.4

  '@pixi/filter-alpha@7.2.4(@pixi/core@7.2.4)':
    dependencies:
      '@pixi/core': 7.2.4

  '@pixi/filter-blur@7.2.4(@pixi/core@7.2.4)':
    dependencies:
      '@pixi/core': 7.2.4

  '@pixi/filter-color-matrix@7.2.4(@pixi/core@7.2.4)':
    dependencies:
      '@pixi/core': 7.2.4

  '@pixi/filter-displacement@7.2.4(@pixi/core@7.2.4)':
    dependencies:
      '@pixi/core': 7.2.4

  '@pixi/filter-fxaa@7.2.4(@pixi/core@7.2.4)':
    dependencies:
      '@pixi/core': 7.2.4

  '@pixi/filter-noise@7.2.4(@pixi/core@7.2.4)':
    dependencies:
      '@pixi/core': 7.2.4

  '@pixi/graphics@7.2.4(@pixi/core@7.2.4)(@pixi/display@7.2.4)(@pixi/sprite@7.2.4)':
    dependencies:
      '@pixi/core': 7.2.4
      '@pixi/display': 7.2.4(@pixi/core@7.2.4)
      '@pixi/sprite': 7.2.4(@pixi/core@7.2.4)(@pixi/display@7.2.4)

  '@pixi/math@7.2.4': {}

  '@pixi/mesh-extras@7.2.4(@pixi/core@7.2.4)(@pixi/mesh@7.2.4)':
    dependencies:
      '@pixi/core': 7.2.4
      '@pixi/mesh': 7.2.4(@pixi/core@7.2.4)(@pixi/display@7.2.4)

  '@pixi/mesh@7.2.4(@pixi/core@7.2.4)(@pixi/display@7.2.4)':
    dependencies:
      '@pixi/core': 7.2.4
      '@pixi/display': 7.2.4(@pixi/core@7.2.4)

  '@pixi/mixin-cache-as-bitmap@7.2.4(@pixi/core@7.2.4)(@pixi/display@7.2.4)(@pixi/sprite@7.2.4)':
    dependencies:
      '@pixi/core': 7.2.4
      '@pixi/display': 7.2.4(@pixi/core@7.2.4)
      '@pixi/sprite': 7.2.4(@pixi/core@7.2.4)(@pixi/display@7.2.4)

  '@pixi/mixin-get-child-by-name@7.2.4(@pixi/display@7.2.4)':
    dependencies:
      '@pixi/display': 7.2.4(@pixi/core@7.2.4)

  '@pixi/mixin-get-global-position@7.2.4(@pixi/core@7.2.4)(@pixi/display@7.2.4)':
    dependencies:
      '@pixi/core': 7.2.4
      '@pixi/display': 7.2.4(@pixi/core@7.2.4)

  '@pixi/particle-container@7.2.4(@pixi/core@7.2.4)(@pixi/display@7.2.4)(@pixi/sprite@7.2.4)':
    dependencies:
      '@pixi/core': 7.2.4
      '@pixi/display': 7.2.4(@pixi/core@7.2.4)
      '@pixi/sprite': 7.2.4(@pixi/core@7.2.4)(@pixi/display@7.2.4)

  '@pixi/prepare@7.2.4(@pixi/core@7.2.4)(@pixi/display@7.2.4)(@pixi/graphics@7.2.4)(@pixi/text@7.2.4)':
    dependencies:
      '@pixi/core': 7.2.4
      '@pixi/display': 7.2.4(@pixi/core@7.2.4)
      '@pixi/graphics': 7.2.4(@pixi/core@7.2.4)(@pixi/display@7.2.4)(@pixi/sprite@7.2.4)
      '@pixi/text': 7.2.4(@pixi/core@7.2.4)(@pixi/sprite@7.2.4)

  '@pixi/runner@7.2.4': {}

  '@pixi/settings@7.2.4':
    dependencies:
      '@pixi/constants': 7.2.4
      '@types/css-font-loading-module': 0.0.7
      ismobilejs: 1.1.1

  '@pixi/sprite-animated@7.2.4(@pixi/core@7.2.4)(@pixi/sprite@7.2.4)':
    dependencies:
      '@pixi/core': 7.2.4
      '@pixi/sprite': 7.2.4(@pixi/core@7.2.4)(@pixi/display@7.2.4)

  '@pixi/sprite-tiling@7.2.4(@pixi/core@7.2.4)(@pixi/display@7.2.4)(@pixi/sprite@7.2.4)':
    dependencies:
      '@pixi/core': 7.2.4
      '@pixi/display': 7.2.4(@pixi/core@7.2.4)
      '@pixi/sprite': 7.2.4(@pixi/core@7.2.4)(@pixi/display@7.2.4)

  '@pixi/sprite@7.2.4(@pixi/core@7.2.4)(@pixi/display@7.2.4)':
    dependencies:
      '@pixi/core': 7.2.4
      '@pixi/display': 7.2.4(@pixi/core@7.2.4)

  '@pixi/spritesheet@7.2.4(@pixi/assets@7.2.4)(@pixi/core@7.2.4)':
    dependencies:
      '@pixi/assets': 7.2.4(@pixi/core@7.2.4)(@pixi/utils@7.2.4)
      '@pixi/core': 7.2.4

  '@pixi/text-bitmap@7.2.4(@pixi/assets@7.2.4)(@pixi/core@7.2.4)(@pixi/display@7.2.4)(@pixi/mesh@7.2.4)(@pixi/text@7.2.4)':
    dependencies:
      '@pixi/assets': 7.2.4(@pixi/core@7.2.4)(@pixi/utils@7.2.4)
      '@pixi/core': 7.2.4
      '@pixi/display': 7.2.4(@pixi/core@7.2.4)
      '@pixi/mesh': 7.2.4(@pixi/core@7.2.4)(@pixi/display@7.2.4)
      '@pixi/text': 7.2.4(@pixi/core@7.2.4)(@pixi/sprite@7.2.4)

  '@pixi/text-html@7.2.4(@pixi/core@7.2.4)(@pixi/display@7.2.4)(@pixi/sprite@7.2.4)(@pixi/text@7.2.4)':
    dependencies:
      '@pixi/core': 7.2.4
      '@pixi/display': 7.2.4(@pixi/core@7.2.4)
      '@pixi/sprite': 7.2.4(@pixi/core@7.2.4)(@pixi/display@7.2.4)
      '@pixi/text': 7.2.4(@pixi/core@7.2.4)(@pixi/sprite@7.2.4)

  '@pixi/text@7.2.4(@pixi/core@7.2.4)(@pixi/sprite@7.2.4)':
    dependencies:
      '@pixi/core': 7.2.4
      '@pixi/sprite': 7.2.4(@pixi/core@7.2.4)(@pixi/display@7.2.4)

  '@pixi/ticker@7.2.4':
    dependencies:
      '@pixi/extensions': 7.2.4
      '@pixi/settings': 7.2.4
      '@pixi/utils': 7.2.4

  '@pixi/utils@7.2.4':
    dependencies:
      '@pixi/color': 7.2.4
      '@pixi/constants': 7.2.4
      '@pixi/settings': 7.2.4
      '@types/earcut': 2.1.1
      earcut: 2.2.4
      eventemitter3: 4.0.7
      url: 0.11.2

  '@types/chai-subset@1.3.3':
    dependencies:
      '@types/chai': 4.3.6

  '@types/chai@4.3.6': {}

  '@types/css-font-loading-module@0.0.7': {}

  '@types/dat.gui@0.7.10': {}

  '@types/earcut@2.1.1': {}

  '@types/node@20.6.0': {}

  '@types/offscreencanvas@2019.7.1': {}

  acorn-walk@8.2.0: {}

  acorn@8.10.0: {}

  animejs@3.2.1: {}

  ansi-sequence-parser@1.1.1: {}

  assertion-error@1.1.0: {}

  balanced-match@1.0.2: {}

  brace-expansion@2.0.1:
    dependencies:
      balanced-match: 1.0.2

  call-bind@1.0.2:
    dependencies:
      function-bind: 1.1.1
      get-intrinsic: 1.2.1

  chai@4.3.8:
    dependencies:
      assertion-error: 1.1.0
      check-error: 1.0.2
      deep-eql: 4.1.3
      get-func-name: 2.0.0
      loupe: 2.3.6
      pathval: 1.1.1
      type-detect: 4.0.8

  check-error@1.0.2: {}

  colord@2.9.3: {}

  dat.gui@0.7.9: {}

  debug@4.3.4:
    dependencies:
      ms: 2.1.2

  deep-eql@4.1.3:
    dependencies:
      type-detect: 4.0.8

  earcut@2.2.4: {}

  esbuild-android-64@0.15.18:
    optional: true

  esbuild-android-arm64@0.15.18:
    optional: true

  esbuild-darwin-64@0.15.18:
    optional: true

  esbuild-darwin-arm64@0.15.18:
    optional: true

  esbuild-freebsd-64@0.15.18:
    optional: true

  esbuild-freebsd-arm64@0.15.18:
    optional: true

  esbuild-linux-32@0.15.18:
    optional: true

  esbuild-linux-64@0.15.18:
    optional: true

  esbuild-linux-arm64@0.15.18:
    optional: true

  esbuild-linux-arm@0.15.18:
    optional: true

  esbuild-linux-mips64le@0.15.18:
    optional: true

  esbuild-linux-ppc64le@0.15.18:
    optional: true

  esbuild-linux-riscv64@0.15.18:
    optional: true

  esbuild-linux-s390x@0.15.18:
    optional: true

  esbuild-netbsd-64@0.15.18:
    optional: true

  esbuild-openbsd-64@0.15.18:
    optional: true

  esbuild-sunos-64@0.15.18:
    optional: true

  esbuild-windows-32@0.15.18:
    optional: true

  esbuild-windows-64@0.15.18:
    optional: true

  esbuild-windows-arm64@0.15.18:
    optional: true

  esbuild@0.15.18:
    optionalDependencies:
      '@esbuild/android-arm': 0.15.18
      '@esbuild/linux-loong64': 0.15.18
      esbuild-android-64: 0.15.18
      esbuild-android-arm64: 0.15.18
      esbuild-darwin-64: 0.15.18
      esbuild-darwin-arm64: 0.15.18
      esbuild-freebsd-64: 0.15.18
      esbuild-freebsd-arm64: 0.15.18
      esbuild-linux-32: 0.15.18
      esbuild-linux-64: 0.15.18
      esbuild-linux-arm: 0.15.18
      esbuild-linux-arm64: 0.15.18
      esbuild-linux-mips64le: 0.15.18
      esbuild-linux-ppc64le: 0.15.18
      esbuild-linux-riscv64: 0.15.18
      esbuild-linux-s390x: 0.15.18
      esbuild-netbsd-64: 0.15.18
      esbuild-openbsd-64: 0.15.18
      esbuild-sunos-64: 0.15.18
      esbuild-windows-32: 0.15.18
      esbuild-windows-64: 0.15.18
      esbuild-windows-arm64: 0.15.18

  eventemitter3@4.0.7: {}

  fsevents@2.3.3:
    optional: true

  function-bind@1.1.1: {}

  get-func-name@2.0.0: {}

  get-intrinsic@1.2.1:
    dependencies:
      function-bind: 1.1.1
      has: 1.0.3
      has-proto: 1.0.1
      has-symbols: 1.0.3

  has-proto@1.0.1: {}

  has-symbols@1.0.3: {}

  has@1.0.3:
    dependencies:
      function-bind: 1.1.1

  is-core-module@2.13.0:
    dependencies:
      has: 1.0.3

  ismobilejs@1.1.1: {}

  jsonc-parser@3.2.0: {}

  local-pkg@0.4.3: {}

  loupe@2.3.6:
    dependencies:
      get-func-name: 2.0.0

  lunr@2.3.9: {}

  marked@4.3.0: {}

  minimatch@7.4.6:
    dependencies:
      brace-expansion: 2.0.1

  ms@2.1.2: {}

  nanoid@3.3.6: {}

  object-inspect@1.12.3: {}

  path-parse@1.0.7: {}

  pathval@1.1.1: {}

  picocolors@1.0.0: {}

  pixi.js@7.2.4(@pixi/utils@7.2.4):
    dependencies:
      '@pixi/accessibility': 7.2.4(@pixi/core@7.2.4)(@pixi/display@7.2.4)(@pixi/events@7.2.4)
      '@pixi/app': 7.2.4(@pixi/core@7.2.4)(@pixi/display@7.2.4)
      '@pixi/assets': 7.2.4(@pixi/core@7.2.4)(@pixi/utils@7.2.4)
      '@pixi/compressed-textures': 7.2.4(@pixi/assets@7.2.4)(@pixi/core@7.2.4)
      '@pixi/core': 7.2.4
      '@pixi/display': 7.2.4(@pixi/core@7.2.4)
      '@pixi/events': 7.2.4(@pixi/core@7.2.4)(@pixi/display@7.2.4)
      '@pixi/extensions': 7.2.4
      '@pixi/extract': 7.2.4(@pixi/core@7.2.4)
      '@pixi/filter-alpha': 7.2.4(@pixi/core@7.2.4)
      '@pixi/filter-blur': 7.2.4(@pixi/core@7.2.4)
      '@pixi/filter-color-matrix': 7.2.4(@pixi/core@7.2.4)
      '@pixi/filter-displacement': 7.2.4(@pixi/core@7.2.4)
      '@pixi/filter-fxaa': 7.2.4(@pixi/core@7.2.4)
      '@pixi/filter-noise': 7.2.4(@pixi/core@7.2.4)
      '@pixi/graphics': 7.2.4(@pixi/core@7.2.4)(@pixi/display@7.2.4)(@pixi/sprite@7.2.4)
      '@pixi/mesh': 7.2.4(@pixi/core@7.2.4)(@pixi/display@7.2.4)
      '@pixi/mesh-extras': 7.2.4(@pixi/core@7.2.4)(@pixi/mesh@7.2.4)
      '@pixi/mixin-cache-as-bitmap': 7.2.4(@pixi/core@7.2.4)(@pixi/display@7.2.4)(@pixi/sprite@7.2.4)
      '@pixi/mixin-get-child-by-name': 7.2.4(@pixi/display@7.2.4)
      '@pixi/mixin-get-global-position': 7.2.4(@pixi/core@7.2.4)(@pixi/display@7.2.4)
      '@pixi/particle-container': 7.2.4(@pixi/core@7.2.4)(@pixi/display@7.2.4)(@pixi/sprite@7.2.4)
      '@pixi/prepare': 7.2.4(@pixi/core@7.2.4)(@pixi/display@7.2.4)(@pixi/graphics@7.2.4)(@pixi/text@7.2.4)
      '@pixi/sprite': 7.2.4(@pixi/core@7.2.4)(@pixi/display@7.2.4)
      '@pixi/sprite-animated': 7.2.4(@pixi/core@7.2.4)(@pixi/sprite@7.2.4)
      '@pixi/sprite-tiling': 7.2.4(@pixi/core@7.2.4)(@pixi/display@7.2.4)(@pixi/sprite@7.2.4)
      '@pixi/spritesheet': 7.2.4(@pixi/assets@7.2.4)(@pixi/core@7.2.4)
      '@pixi/text': 7.2.4(@pixi/core@7.2.4)(@pixi/sprite@7.2.4)
      '@pixi/text-bitmap': 7.2.4(@pixi/assets@7.2.4)(@pixi/core@7.2.4)(@pixi/display@7.2.4)(@pixi/mesh@7.2.4)(@pixi/text@7.2.4)
      '@pixi/text-html': 7.2.4(@pixi/core@7.2.4)(@pixi/display@7.2.4)(@pixi/sprite@7.2.4)(@pixi/text@7.2.4)
    transitivePeerDependencies:
      - '@pixi/utils'

  postcss@8.4.29:
    dependencies:
      nanoid: 3.3.6
      picocolors: 1.0.0
      source-map-js: 1.0.2

  punycode@1.4.1: {}

  qs@6.11.2:
    dependencies:
      side-channel: 1.0.4

  resolve@1.22.4:
    dependencies:
      is-core-module: 2.13.0
      path-parse: 1.0.7
      supports-preserve-symlinks-flag: 1.0.0

  rollup@2.79.1:
    optionalDependencies:
      fsevents: 2.3.3

  shiki@0.14.4:
    dependencies:
      ansi-sequence-parser: 1.1.1
      jsonc-parser: 3.2.0
      vscode-oniguruma: 1.7.0
      vscode-textmate: 8.0.0

  side-channel@1.0.4:
    dependencies:
      call-bind: 1.0.2
      get-intrinsic: 1.2.1
      object-inspect: 1.12.3

  source-map-js@1.0.2: {}

  source-map@0.6.1: {}

  strip-literal@1.3.0:
    dependencies:
      acorn: 8.10.0

  supports-preserve-symlinks-flag@1.0.0: {}

  tinybench@2.5.1: {}

  tinypool@0.3.1: {}

  tinyspy@1.1.1: {}

  turbo-darwin-64@1.10.13:
    optional: true

  turbo-darwin-arm64@1.10.13:
    optional: true

  turbo-linux-64@1.10.13:
    optional: true

  turbo-linux-arm64@1.10.13:
    optional: true

  turbo-windows-64@1.10.13:
    optional: true

  turbo-windows-arm64@1.10.13:
    optional: true

  turbo@1.10.13:
    optionalDependencies:
      turbo-darwin-64: 1.10.13
      turbo-darwin-arm64: 1.10.13
      turbo-linux-64: 1.10.13
      turbo-linux-arm64: 1.10.13
      turbo-windows-64: 1.10.13
      turbo-windows-arm64: 1.10.13

  type-detect@4.0.8: {}

  typedoc@0.23.28(typescript@4.9.5):
    dependencies:
      lunr: 2.3.9
      marked: 4.3.0
      minimatch: 7.4.6
      shiki: 0.14.4
      typescript: 4.9.5

  typescript@4.9.5: {}

  url@0.11.2:
    dependencies:
      punycode: 1.4.1
      qs: 6.11.2

  vite@3.2.7(@types/node@20.6.0):
    dependencies:
      '@types/node': 20.6.0
      esbuild: 0.15.18
      postcss: 8.4.29
      resolve: 1.22.4
      rollup: 2.79.1
    optionalDependencies:
      fsevents: 2.3.3

  vitest@0.25.8:
    dependencies:
      '@types/chai': 4.3.6
      '@types/chai-subset': 1.3.3
      '@types/node': 20.6.0
      acorn: 8.10.0
      acorn-walk: 8.2.0
      chai: 4.3.8
      debug: 4.3.4
      local-pkg: 0.4.3
      source-map: 0.6.1
      strip-literal: 1.3.0
      tinybench: 2.5.1
      tinypool: 0.3.1
      tinyspy: 1.1.1
      vite: 3.2.7(@types/node@20.6.0)
    transitivePeerDependencies:
      - less
      - sass
      - stylus
      - sugarss
      - supports-color
      - terser

  vscode-oniguruma@1.7.0: {}

  vscode-textmate@8.0.0: {}
